
Microsoft Visual Studio Solution File, Format Version 12.00
# Visual Studio Version 17
VisualStudioVersion = 17.0.31903.59
MinimumVisualStudioVersion = 10.0.40219.1
Project("{FAE04EC0-301F-11D3-BF4B-00C04F79EFBC}") = "API", "API\API.csproj", "{02DB6E53-A5E1-4C65-9D98-2C06A9D7D387}"
EndProject
Global
	GlobalSection(SolutionConfigurationPlatforms) = preSolution
		Debug|Any CPU = Debug|Any CPU
		Release|Any CPU = Release|Any CPU
	EndGlobalSection
	GlobalSection(SolutionProperties) = preSolution
		HideSolutionNode = FALSE
	EndGlobalSection
	GlobalSection(ProjectConfigurationPlatforms) = postSolution
		{02DB6E53-A5E1-4C65-9D98-2C06A9D7D387}.Debug|Any CPU.ActiveCfg = Debug|Any CPU
		{02DB6E53-A5E1-4C65-9D98-2C06A9D7D387}.Debug|Any CPU.Build.0 = Debug|Any CPU
		{02DB6E53-A5E1-4C65-9D98-2C06A9D7D387}.Release|Any CPU.ActiveCfg = Release|Any CPU
		{02DB6E53-A5E1-4C65-9D98-2C06A9D7D387}.Release|Any CPU.Build.0 = Release|Any CPU
	EndGlobalSection
EndGlobal
